// !$*UTF8*$!
{
	archiveVersion = 1;
	classes = {
	};
	objectVersion = 50;
	objects = {

/* Begin PBXBuildFile section */
		15DA937223A63F5600DC4FF5 /* AppDelegate.swift in Sources */ = {isa = PBXBuildFile; fileRef = 15DA937123A63F5600DC4FF5 /* AppDelegate.swift */; };
		15DA937423A63F5600DC4FF5 /* SceneDelegate.swift in Sources */ = {isa = PBXBuildFile; fileRef = 15DA937323A63F5600DC4FF5 /* SceneDelegate.swift */; };
		15DA937623A63F5600DC4FF5 /* ViewController.swift in Sources */ = {isa = PBXBuildFile; fileRef = 15DA937523A63F5600DC4FF5 /* ViewController.swift */; };
		15DA937923A63F5600DC4FF5 /* Main.storyboard in Resources */ = {isa = PBXBuildFile; fileRef = 15DA937723A63F5600DC4FF5 /* Main.storyboard */; };
		15DA937B23A63F5B00DC4FF5 /* Assets.xcassets in Resources */ = {isa = PBXBuildFile; fileRef = 15DA937A23A63F5B00DC4FF5 /* Assets.xcassets */; };
		15DA937E23A63F5B00DC4FF5 /* LaunchScreen.storyboard in Resources */ = {isa = PBXBuildFile; fileRef = 15DA937C23A63F5B00DC4FF5 /* LaunchScreen.storyboard */; };
		15DA938923A63F5C00DC4FF5 /* FirebaseTests.swift in Sources */ = {isa = PBXBuildFile; fileRef = 15DA938823A63F5C00DC4FF5 /* FirebaseTests.swift */; };
		15DA939423A63F5C00DC4FF5 /* FirebaseUITests.swift in Sources */ = {isa = PBXBuildFile; fileRef = 15DA939323A63F5C00DC4FF5 /* FirebaseUITests.swift */; };
/* End PBXBuildFile section */

/* Begin PBXContainerItemProxy section */
		15DA938523A63F5C00DC4FF5 /* PBXContainerItemProxy */ = {
			isa = PBXContainerItemProxy;
			containerPortal = 15DA936623A63F5600DC4FF5 /* Project object */;
			proxyType = 1;
			remoteGlobalIDString = 15DA936D23A63F5600DC4FF5;
			remoteInfo = Firebase;
		};
		15DA939023A63F5C00DC4FF5 /* PBXContainerItemProxy */ = {
			isa = PBXContainerItemProxy;
			containerPortal = 15DA936623A63F5600DC4FF5 /* Project object */;
			proxyType = 1;
			remoteGlobalIDString = 15DA936D23A63F5600DC4FF5;
			remoteInfo = Firebase;
		};
/* End PBXContainerItemProxy section */

/* Begin PBXFileReference section */
		15DA936E23A63F5600DC4FF5 /* Firebase.app */ = {isa = PBXFileReference; explicitFileType = wrapper.application; includeInIndex = 0; path = Firebase.app; sourceTree = BUILT_PRODUCTS_DIR; };
		15DA937123A63F5600DC4FF5 /* AppDelegate.swift */ = {isa = PBXFileReference; lastKnownFileType = sourcecode.swift; path = AppDelegate.swift; sourceTree = "<group>"; };
		15DA937323A63F5600DC4FF5 /* SceneDelegate.swift */ = {isa = PBXFileReference; lastKnownFileType = sourcecode.swift; path = SceneDelegate.swift; sourceTree = "<group>"; };
		15DA937523A63F5600DC4FF5 /* ViewController.swift */ = {isa = PBXFileReference; lastKnownFileType = sourcecode.swift; path = ViewController.swift; sourceTree = "<group>"; };
		15DA937823A63F5600DC4FF5 /* Base */ = {isa = PBXFileReference; lastKnownFileType = file.storyboard; name = Base; path = Base.lproj/Main.storyboard; sourceTree = "<group>"; };
		15DA937A23A63F5B00DC4FF5 /* Assets.xcassets */ = {isa = PBXFileReference; lastKnownFileType = folder.assetcatalog; path = Assets.xcassets; sourceTree = "<group>"; };
		15DA937D23A63F5B00DC4FF5 /* Base */ = {isa = PBXFileReference; lastKnownFileType = file.storyboard; name = Base; path = Base.lproj/LaunchScreen.storyboard; sourceTree = "<group>"; };
		15DA937F23A63F5B00DC4FF5 /* Info.plist */ = {isa = PBXFileReference; lastKnownFileType = text.plist.xml; path = Info.plist; sourceTree = "<group>"; };
		15DA938423A63F5C00DC4FF5 /* FirebaseTests.xctest */ = {isa = PBXFileReference; explicitFileType = wrapper.cfbundle; includeInIndex = 0; path = FirebaseTests.xctest; sourceTree = BUILT_PRODUCTS_DIR; };
		15DA938823A63F5C00DC4FF5 /* FirebaseTests.swift */ = {isa = PBXFileReference; lastKnownFileType = sourcecode.swift; path = FirebaseTests.swift; sourceTree = "<group>"; };
		15DA938A23A63F5C00DC4FF5 /* Info.plist */ = {isa = PBXFileReference; lastKnownFileType = text.plist.xml; path = Info.plist; sourceTree = "<group>"; };
		15DA938F23A63F5C00DC4FF5 /* FirebaseUITests.xctest */ = {isa = PBXFileReference; explicitFileType = wrapper.cfbundle; includeInIndex = 0; path = FirebaseUITests.xctest; sourceTree = BUILT_PRODUCTS_DIR; };
		15DA939323A63F5C00DC4FF5 /* FirebaseUITests.swift */ = {isa = PBXFileReference; lastKnownFileType = sourcecode.swift; path = FirebaseUITests.swift; sourceTree = "<group>"; };
		15DA939523A63F5C00DC4FF5 /* Info.plist */ = {isa = PBXFileReference; lastKnownFileType = text.plist.xml; path = Info.plist; sourceTree = "<group>"; };
/* End PBXFileReference section */

/* Begin PBXFrameworksBuildPhase section */
		15DA936B23A63F5600DC4FF5 /* Frameworks */ = {
			isa = PBXFrameworksBuildPhase;
			buildActionMask = 2147483647;
			files = (
			);
			runOnlyForDeploymentPostprocessing = 0;
		};
		15DA938123A63F5C00DC4FF5 /* Frameworks */ = {
			isa = PBXFrameworksBuildPhase;
			buildActionMask = 2147483647;
			files = (
			);
			runOnlyForDeploymentPostprocessing = 0;
		};
		15DA938C23A63F5C00DC4FF5 /* Frameworks */ = {
			isa = PBXFrameworksBuildPhase;
			buildActionMask = 2147483647;
			files = (
			);
			runOnlyForDeploymentPostprocessing = 0;
		};
/* End PBXFrameworksBuildPhase section */

/* Begin PBXGroup section */
		15DA936523A63F5600DC4FF5 = {
			isa = PBXGroup;
			children = (
				15DA937023A63F5600DC4FF5 /* Firebase */,
				15DA938723A63F5C00DC4FF5 /* FirebaseTests */,
				15DA939223A63F5C00DC4FF5 /* FirebaseUITests */,
				15DA936F23A63F5600DC4FF5 /* Products */,
			);
			sourceTree = "<group>";
		};
		15DA936F23A63F5600DC4FF5 /* Products */ = {
			isa = PBXGroup;
			children = (
				15DA936E23A63F5600DC4FF5 /* Firebase.app */,
				15DA938423A63F5C00DC4FF5 /* FirebaseTests.xctest */,
				15DA938F23A63F5C00DC4FF5 /* FirebaseUITests.xctest */,
			);
			name = Products;
			sourceTree = "<group>";
		};
		15DA937023A63F5600DC4FF5 /* Firebase */ = {
			isa = PBXGroup;
			children = (
				15DA937123A63F5600DC4FF5 /* AppDelegate.swift */,
				15DA937323A63F5600DC4FF5 /* SceneDelegate.swift */,
				15DA937523A63F5600DC4FF5 /* ViewController.swift */,
				15DA937723A63F5600DC4FF5 /* Main.storyboard */,
				15DA937A23A63F5B00DC4FF5 /* Assets.xcassets */,
				15DA937C23A63F5B00DC4FF5 /* LaunchScreen.storyboard */,
				15DA937F23A63F5B00DC4FF5 /* Info.plist */,
			);
			path = Firebase;
			sourceTree = "<group>";
		};
		15DA938723A63F5C00DC4FF5 /* FirebaseTests */ = {
			isa = PBXGroup;
			children = (
				15DA938823A63F5C00DC4FF5 /* FirebaseTests.swift */,
				15DA938A23A63F5C00DC4FF5 /* Info.plist */,
			);
			path = FirebaseTests;
			sourceTree = "<group>";
		};
		15DA939223A63F5C00DC4FF5 /* FirebaseUITests */ = {
			isa = PBXGroup;
			children = (
				15DA939323A63F5C00DC4FF5 /* FirebaseUITests.swift */,
				15DA939523A63F5C00DC4FF5 /* Info.plist */,
			);
			path = FirebaseUITests;
			sourceTree = "<group>";
		};
/* End PBXGroup section */

/* Begin PBXNativeTarget section */
		15DA936D23A63F5600DC4FF5 /* Firebase */ = {
			isa = PBXNativeTarget;
			buildConfigurationList = 15DA939823A63F5C00DC4FF5 /* Build configuration list for PBXNativeTarget "Firebase" */;
			buildPhases = (
				15DA936A23A63F5600DC4FF5 /* Sources */,
				15DA936B23A63F5600DC4FF5 /* Frameworks */,
				15DA936C23A63F5600DC4FF5 /* Resources */,
			);
			buildRules = (
			);
			dependencies = (
			);
			name = Firebase;
			productName = Firebase;
			productReference = 15DA936E23A63F5600DC4FF5 /* Firebase.app */;
			productType = "com.apple.product-type.application";
		};
		15DA938323A63F5C00DC4FF5 /* FirebaseTests */ = {
			isa = PBXNativeTarget;
			buildConfigurationList = 15DA939B23A63F5C00DC4FF5 /* Build configuration list for PBXNativeTarget "FirebaseTests" */;
			buildPhases = (
				15DA938023A63F5C00DC4FF5 /* Sources */,
				15DA938123A63F5C00DC4FF5 /* Frameworks */,
				15DA938223A63F5C00DC4FF5 /* Resources */,
			);
			buildRules = (
			);
			dependencies = (
				15DA938623A63F5C00DC4FF5 /* PBXTargetDependency */,
			);
			name = FirebaseTests;
			productName = FirebaseTests;
			productReference = 15DA938423A63F5C00DC4FF5 /* FirebaseTests.xctest */;
			productType = "com.apple.product-type.bundle.unit-test";
		};
		15DA938E23A63F5C00DC4FF5 /* FirebaseUITests */ = {
			isa = PBXNativeTarget;
			buildConfigurationList = 15DA939E23A63F5C00DC4FF5 /* Build configuration list for PBXNativeTarget "FirebaseUITests" */;
			buildPhases = (
				15DA938B23A63F5C00DC4FF5 /* Sources */,
				15DA938C23A63F5C00DC4FF5 /* Frameworks */,
				15DA938D23A63F5C00DC4FF5 /* Resources */,
			);
			buildRules = (
			);
			dependencies = (
				15DA939123A63F5C00DC4FF5 /* PBXTargetDependency */,
			);
			name = FirebaseUITests;
			productName = FirebaseUITests;
			productReference = 15DA938F23A63F5C00DC4FF5 /* FirebaseUITests.xctest */;
			productType = "com.apple.product-type.bundle.ui-testing";
		};
/* End PBXNativeTarget section */

/* Begin PBXProject section */
		15DA936623A63F5600DC4FF5 /* Project object */ = {
			isa = PBXProject;
			attributes = {
				LastSwiftUpdateCheck = 1120;
				LastUpgradeCheck = 1120;
				ORGANIZATIONNAME = "jang gukjin";
				TargetAttributes = {
					15DA936D23A63F5600DC4FF5 = {
						CreatedOnToolsVersion = 11.2.1;
					};
					15DA938323A63F5C00DC4FF5 = {
						CreatedOnToolsVersion = 11.2.1;
						TestTargetID = 15DA936D23A63F5600DC4FF5;
					};
					15DA938E23A63F5C00DC4FF5 = {
						CreatedOnToolsVersion = 11.2.1;
						TestTargetID = 15DA936D23A63F5600DC4FF5;
					};
				};
			};
			buildConfigurationList = 15DA936923A63F5600DC4FF5 /* Build configuration list for PBXProject "Firebase" */;
			compatibilityVersion = "Xcode 9.3";
			developmentRegion = en;
			hasScannedForEncodings = 0;
			knownRegions = (
				en,
				Base,
			);
			mainGroup = 15DA936523A63F5600DC4FF5;
			productRefGroup = 15DA936F23A63F5600DC4FF5 /* Products */;
			projectDirPath = "";
			projectRoot = "";
			targets = (
				15DA936D23A63F5600DC4FF5 /* Firebase */,
				15DA938323A63F5C00DC4FF5 /* FirebaseTests */,
				15DA938E23A63F5C00DC4FF5 /* FirebaseUITests */,
			);
		};
/* End PBXProject section */

/* Begin PBXResourcesBuildPhase section */
		15DA936C23A63F5600DC4FF5 /* Resources */ = {
			isa = PBXResourcesBuildPhase;
			buildActionMask = 2147483647;
			files = (
				15DA937E23A63F5B00DC4FF5 /* LaunchScreen.storyboard in Resources */,
				15DA937B23A63F5B00DC4FF5 /* Assets.xcassets in Resources */,
				15DA937923A63F5600DC4FF5 /* Main.storyboard in Resources */,
			);
			runOnlyForDeploymentPostprocessing = 0;
		};
		15DA938223A63F5C00DC4FF5 /* Resources */ = {
			isa = PBXResourcesBuildPhase;
			buildActionMask = 2147483647;
			files = (
			);
			runOnlyForDeploymentPostprocessing = 0;
		};
		15DA938D23A63F5C00DC4FF5 /* Resources */ = {
			isa = PBXResourcesBuildPhase;
			buildActionMask = 2147483647;
			files = (
			);
			runOnlyForDeploymentPostprocessing = 0;
		};
/* End PBXResourcesBuildPhase section */

/* Begin PBXSourcesBuildPhase section */
		15DA936A23A63F5600DC4FF5 /* Sources */ = {
			isa = PBXSourcesBuildPhase;
			buildActionMask = 2147483647;
			files = (
				15DA937623A63F5600DC4FF5 /* ViewController.swift in Sources */,
				15DA937223A63F5600DC4FF5 /* AppDelegate.swift in Sources */,
				15DA937423A63F5600DC4FF5 /* SceneDelegate.swift in Sources */,
			);
			runOnlyForDeploymentPostprocessing = 0;
		};
		15DA938023A63F5C00DC4FF5 /* Sources */ = {
			isa = PBXSourcesBuildPhase;
			buildActionMask = 2147483647;
			files = (
				15DA938923A63F5C00DC4FF5 /* FirebaseTests.swift in Sources */,
			);
			runOnlyForDeploymentPostprocessing = 0;
		};
		15DA938B23A63F5C00DC4FF5 /* Sources */ = {
			isa = PBXSourcesBuildPhase;
			buildActionMask = 2147483647;
			files = (
				15DA939423A63F5C00DC4FF5 /* FirebaseUITests.swift in Sources */,
			);
			runOnlyForDeploymentPostprocessing = 0;
		};
/* End PBXSourcesBuildPhase section */

/* Begin PBXTargetDependency section */
		15DA938623A63F5C00DC4FF5 /* PBXTargetDependency */ = {
			isa = PBXTargetDependency;
			target = 15DA936D23A63F5600DC4FF5 /* Firebase */;
			targetProxy = 15DA938523A63F5C00DC4FF5 /* PBXContainerItemProxy */;
		};
		15DA939123A63F5C00DC4FF5 /* PBXTargetDependency */ = {
			isa = PBXTargetDependency;
			target = 15DA936D23A63F5600DC4FF5 /* Firebase */;
			targetProxy = 15DA939023A63F5C00DC4FF5 /* PBXContainerItemProxy */;
		};
/* End PBXTargetDependency section */

/* Begin PBXVariantGroup section */
		15DA937723A63F5600DC4FF5 /* Main.storyboard */ = {
			isa = PBXVariantGroup;
			children = (
				15DA937823A63F5600DC4FF5 /* Base */,
			);
			name = Main.storyboard;
			sourceTree = "<group>";
		};
		15DA937C23A63F5B00DC4FF5 /* LaunchScreen.storyboard */ = {
			isa = PBXVariantGroup;
			children = (
				15DA937D23A63F5B00DC4FF5 /* Base */,
			);
			name = LaunchScreen.storyboard;
			sourceTree = "<group>";
		};
/* End PBXVariantGroup section */

/* Begin XCBuildConfiguration section */
		15DA939623A63F5C00DC4FF5 /* Debug */ = {
			isa = XCBuildConfiguration;
			buildSettings = {
				ALWAYS_SEARCH_USER_PATHS = NO;
				CLANG_ANALYZER_NONNULL = YES;
				CLANG_ANALYZER_NUMBER_OBJECT_CONVERSION = YES_AGGRESSIVE;
				CLANG_CXX_LANGUAGE_STANDARD = "gnu++14";
				CLANG_CXX_LIBRARY = "libc++";
				CLANG_ENABLE_MODULES = YES;
				CLANG_ENABLE_OBJC_ARC = YES;
				CLANG_ENABLE_OBJC_WEAK = YES;
				CLANG_WARN_BLOCK_CAPTURE_AUTORELEASING = YES;
				CLANG_WARN_BOOL_CONVERSION = YES;
				CLANG_WARN_COMMA = YES;
				CLANG_WARN_CONSTANT_CONVERSION = YES;
				CLANG_WARN_DEPRECATED_OBJC_IMPLEMENTATIONS = YES;
				CLANG_WARN_DIRECT_OBJC_ISA_USAGE = YES_ERROR;
				CLANG_WARN_DOCUMENTATION_COMMENTS = YES;
				CLANG_WARN_EMPTY_BODY = YES;
				CLANG_WARN_ENUM_CONVERSION = YES;
				CLANG_WARN_INFINITE_RECURSION = YES;
				CLANG_WARN_INT_CONVERSION = YES;
				CLANG_WARN_NON_LITERAL_NULL_CONVERSION = YES;
				CLANG_WARN_OBJC_IMPLICIT_RETAIN_SELF = YES;
				CLANG_WARN_OBJC_LITERAL_CONVERSION = YES;
				CLANG_WARN_OBJC_ROOT_CLASS = YES_ERROR;
				CLANG_WARN_RANGE_LOOP_ANALYSIS = YES;
				CLANG_WARN_STRICT_PROTOTYPES = YES;
				CLANG_WARN_SUSPICIOUS_MOVE = YES;
				CLANG_WARN_UNGUARDED_AVAILABILITY = YES_AGGRESSIVE;
				CLANG_WARN_UNREACHABLE_CODE = YES;
				CLANG_WARN__DUPLICATE_METHOD_MATCH = YES;
				COPY_PHASE_STRIP = NO;
				DEBUG_INFORMATION_FORMAT = dwarf;
				ENABLE_STRICT_OBJC_MSGSEND = YES;
				ENABLE_TESTABILITY = YES;
				GCC_C_LANGUAGE_STANDARD = gnu11;
				GCC_DYNAMIC_NO_PIC = NO;
				GCC_NO_COMMON_BLOCKS = YES;
				GCC_OPTIMIZATION_LEVEL = 0;
				GCC_PREPROCESSOR_DEFINITIONS = (
					"DEBUG=1",
					"$(inherited)",
				);
				GCC_WARN_64_TO_32_BIT_CONVERSION = YES;
				GCC_WARN_ABOUT_RETURN_TYPE = YES_ERROR;
				GCC_WARN_UNDECLARED_SELECTOR = YES;
				GCC_WARN_UNINITIALIZED_AUTOS = YES_AGGRESSIVE;
				GCC_WARN_UNUSED_FUNCTION = YES;
				GCC_WARN_UNUSED_VARIABLE = YES;
				IPHONEOS_DEPLOYMENT_TARGET = 13.2;
				MTL_ENABLE_DEBUG_INFO = INCLUDE_SOURCE;
				MTL_FAST_MATH = YES;
				ONLY_ACTIVE_ARCH = YES;
				SDKROOT = iphoneos;
				SWIFT_ACTIVE_COMPILATION_CONDITIONS = DEBUG;
				SWIFT_OPTIMIZATION_LEVEL = "-Onone";
			};
			name = Debug;
		};
		15DA939723A63F5C00DC4FF5 /* Release */ = {
			isa = XCBuildConfiguration;
			buildSettings = {
				ALWAYS_SEARCH_USER_PATHS = NO;
				CLANG_ANALYZER_NONNULL = YES;
				CLANG_ANALYZER_NUMBER_OBJECT_CONVERSION = YES_AGGRESSIVE;
				CLANG_CXX_LANGUAGE_STANDARD = "gnu++14";
				CLANG_CXX_LIBRARY = "libc++";
				CLANG_ENABLE_MODULES = YES;
				CLANG_ENABLE_OBJC_ARC = YES;
				CLANG_ENABLE_OBJC_WEAK = YES;
				CLANG_WARN_BLOCK_CAPTURE_AUTORELEASING = YES;
				CLANG_WARN_BOOL_CONVERSION = YES;
				CLANG_WARN_COMMA = YES;
				CLANG_WARN_CONSTANT_CONVERSION = YES;
				CLANG_WARN_DEPRECATED_OBJC_IMPLEMENTATIONS = YES;
				CLANG_WARN_DIRECT_OBJC_ISA_USAGE = YES_ERROR;
				CLANG_WARN_DOCUMENTATION_COMMENTS = YES;
				CLANG_WARN_EMPTY_BODY = YES;
				CLANG_WARN_ENUM_CONVERSION = YES;
				CLANG_WARN_INFINITE_RECURSION = YES;
				CLANG_WARN_INT_CONVERSION = YES;
				CLANG_WARN_NON_LITERAL_NULL_CONVERSION = YES;
				CLANG_WARN_OBJC_IMPLICIT_RETAIN_SELF = YES;
				CLANG_WARN_OBJC_LITERAL_CONVERSION = YES;
				CLANG_WARN_OBJC_ROOT_CLASS = YES_ERROR;
				CLANG_WARN_RANGE_LOOP_ANALYSIS = YES;
				CLANG_WARN_STRICT_PROTOTYPES = YES;
				CLANG_WARN_SUSPICIOUS_MOVE = YES;
				CLANG_WARN_UNGUARDED_AVAILABILITY = YES_AGGRESSIVE;
				CLANG_WARN_UNREACHABLE_CODE = YES;
				CLANG_WARN__DUPLICATE_METHOD_MATCH = YES;
				COPY_PHASE_STRIP = NO;
				DEBUG_INFORMATION_FORMAT = "dwarf-with-dsym";
				ENABLE_NS_ASSERTIONS = NO;
				ENABLE_STRICT_OBJC_MSGSEND = YES;
				GCC_C_LANGUAGE_STANDARD = gnu11;
				GCC_NO_COMMON_BLOCKS = YES;
				GCC_WARN_64_TO_32_BIT_CONVERSION = YES;
				GCC_WARN_ABOUT_RETURN_TYPE = YES_ERROR;
				GCC_WARN_UNDECLARED_SELECTOR = YES;
				GCC_WARN_UNINITIALIZED_AUTOS = YES_AGGRESSIVE;
				GCC_WARN_UNUSED_FUNCTION = YES;
				GCC_WARN_UNUSED_VARIABLE = YES;
				IPHONEOS_DEPLOYMENT_TARGET = 13.2;
				MTL_ENABLE_DEBUG_INFO = NO;
				MTL_FAST_MATH = YES;
				SDKROOT = iphoneos;
				SWIFT_COMPILATION_MODE = wholemodule;
				SWIFT_OPTIMIZATION_LEVEL = "-O";
				VALIDATE_PRODUCT = YES;
			};
			name = Release;
		};
		15DA939923A63F5C00DC4FF5 /* Debug */ = {
			isa = XCBuildConfiguration;
			buildSettings = {
				ASSETCATALOG_COMPILER_APPICON_NAME = AppIcon;
				CODE_SIGN_STYLE = Automatic;
				INFOPLIST_FILE = Firebase/Info.plist;
				LD_RUNPATH_SEARCH_PATHS = (
					"$(inherited)",
					"@executable_path/Frameworks",
				);
				PRODUCT_BUNDLE_IDENTIFIER = "jang-gukjin.Firebase";
				PRODUCT_NAME = "$(TARGET_NAME)";
				SWIFT_VERSION = 5.0;
				TARGETED_DEVICE_FAMILY = "1,2";
			};
			name = Debug;
		};
		15DA939A23A63F5C00DC4FF5 /* Release */ = {
			isa = XCBuildConfiguration;
			buildSettings = {
				ASSETCATALOG_COMPILER_APPICON_NAME = AppIcon;
				CODE_SIGN_STYLE = Automatic;
				INFOPLIST_FILE = Firebase/Info.plist;
				LD_RUNPATH_SEARCH_PATHS = (
					"$(inherited)",
					"@executable_path/Frameworks",
				);
				PRODUCT_BUNDLE_IDENTIFIER = "jang-gukjin.Firebase";
				PRODUCT_NAME = "$(TARGET_NAME)";
				SWIFT_VERSION = 5.0;
				TARGETED_DEVICE_FAMILY = "1,2";
			};
			name = Release;
		};
		15DA939C23A63F5C00DC4FF5 /* Debug */ = {
			isa = XCBuildConfiguration;
			buildSettings = {
				ALWAYS_EMBED_SWIFT_STANDARD_LIBRARIES = YES;
				BUNDLE_LOADER = "$(TEST_HOST)";
				CODE_SIGN_STYLE = Automatic;
				INFOPLIST_FILE = FirebaseTests/Info.plist;
				IPHONEOS_DEPLOYMENT_TARGET = 13.2;
				LD_RUNPATH_SEARCH_PATHS = (
					"$(inherited)",
					"@executable_path/Frameworks",
					"@loader_path/Frameworks",
				);
				PRODUCT_BUNDLE_IDENTIFIER = "jang-gukjin.FirebaseTests";
				PRODUCT_NAME = "$(TARGET_NAME)";
				SWIFT_VERSION = 5.0;
				TARGETED_DEVICE_FAMILY = "1,2";
				TEST_HOST = "$(BUILT_PRODUCTS_DIR)/Firebase.app/Firebase";
			};
			name = Debug;
		};
		15DA939D23A63F5C00DC4FF5 /* Release */ = {
			isa = XCBuildConfiguration;
			buildSettings = {
				ALWAYS_EMBED_SWIFT_STANDARD_LIBRARIES = YES;
				BUNDLE_LOADER = "$(TEST_HOST)";
				CODE_SIGN_STYLE = Automatic;
				INFOPLIST_FILE = FirebaseTests/Info.plist;
				IPHONEOS_DEPLOYMENT_TARGET = 13.2;
				LD_RUNPATH_SEARCH_PATHS = (
					"$(inherited)",
					"@executable_path/Frameworks",
					"@loader_path/Frameworks",
				);
				PRODUCT_BUNDLE_IDENTIFIER = "jang-gukjin.FirebaseTests";
				PRODUCT_NAME = "$(TARGET_NAME)";
				SWIFT_VERSION = 5.0;
				TARGETED_DEVICE_FAMILY = "1,2";
				TEST_HOST = "$(BUILT_PRODUCTS_DIR)/Firebase.app/Firebase";
			};
			name = Release;
		};
		15DA939F23A63F5C00DC4FF5 /* Debug */ = {
			isa = XCBuildConfiguration;
			buildSettings = {
				ALWAYS_EMBED_SWIFT_STANDARD_LIBRARIES = YES;
				CODE_SIGN_STYLE = Automatic;
				INFOPLIST_FILE = FirebaseUITests/Info.plist;
				LD_RUNPATH_SEARCH_PATHS = (
					"$(inherited)",
					"@executable_path/Frameworks",
					"@loader_path/Frameworks",
				);
				PRODUCT_BUNDLE_IDENTIFIER = "jang-gukjin.FirebaseUITests";
				PRODUCT_NAME = "$(TARGET_NAME)";
				SWIFT_VERSION = 5.0;
				TARGETED_DEVICE_FAMILY = "1,2";
				TEST_TARGET_NAME = Firebase;
			};
			name = Debug;
		};
		15DA93A023A63F5C00DC4FF5 /* Release */ = {
			isa = XCBuildConfiguration;
			buildSettings = {
				ALWAYS_EMBED_SWIFT_STANDARD_LIBRARIES = YES;
				CODE_SIGN_STYLE = Automatic;
				INFOPLIST_FILE = FirebaseUITests/Info.plist;
				LD_RUNPATH_SEARCH_PATHS = (
					"$(inherited)",
					"@executable_path/Frameworks",
					"@loader_path/Frameworks",
				);
				PRODUCT_BUNDLE_IDENTIFIER = "jang-gukjin.FirebaseUITests";
				PRODUCT_NAME = "$(TARGET_NAME)";
				SWIFT_VERSION = 5.0;
				TARGETED_DEVICE_FAMILY = "1,2";
				TEST_TARGET_NAME = Firebase;
			};
			name = Release;
		};
/* End XCBuildConfiguration section */

/* Begin XCConfigurationList section */
		15DA936923A63F5600DC4FF5 /* Build configuration list for PBXProject "Firebase" */ = {
			isa = XCConfigurationList;
			buildConfigurations = (
				15DA939623A63F5C00DC4FF5 /* Debug */,
				15DA939723A63F5C00DC4FF5 /* Release */,
			);
			defaultConfigurationIsVisible = 0;
			defaultConfigurationName = Release;
		};
		15DA939823A63F5C00DC4FF5 /* Build configuration list for PBXNativeTarget "Firebase" */ = {
			isa = XCConfigurationList;
			buildConfigurations = (
				15DA939923A63F5C00DC4FF5 /* Debug */,
				15DA939A23A63F5C00DC4FF5 /* Release */,
			);
			defaultConfigurationIsVisible = 0;
			defaultConfigurationName = Release;
		};
		15DA939B23A63F5C00DC4FF5 /* Build configuration list for PBXNativeTarget "FirebaseTests" */ = {
			isa = XCConfigurationList;
			buildConfigurations = (
				15DA939C23A63F5C00DC4FF5 /* Debug */,
				15DA939D23A63F5C00DC4FF5 /* Release */,
			);
			defaultConfigurationIsVisible = 0;
			defaultConfigurationName = Release;
		};
		15DA939E23A63F5C00DC4FF5 /* Build configuration list for PBXNativeTarget "FirebaseUITests" */ = {
			isa = XCConfigurationList;
			buildConfigurations = (
				15DA939F23A63F5C00DC4FF5 /* Debug */,
				15DA93A023A63F5C00DC4FF5 /* Release */,
			);
			defaultConfigurationIsVisible = 0;
			defaultConfigurationName = Release;
		};
/* End XCConfigurationList section */
	};
	rootObject = 15DA936623A63F5600DC4FF5 /* Project object */;
}
